// !$*UTF8*$!
{
	archiveVersion = 1;
	classes = {
	};
	objectVersion = 56;
	objects = {

/* Begin PBXBuildFile section */
		653E3C7629538FFF007EC9CA /* AppDelegate.swift in Sources */ = {isa = PBXBuildFile; fileRef = 653E3C7529538FFF007EC9CA /* AppDelegate.swift */; };
		653E3C7829538FFF007EC9CA /* SceneDelegate.swift in Sources */ = {isa = PBXBuildFile; fileRef = 653E3C7729538FFF007EC9CA /* SceneDelegate.swift */; };
		653E3C7D29538FFF007EC9CA /* Main.storyboard in Resources */ = {isa = PBXBuildFile; fileRef = 653E3C7B29538FFF007EC9CA /* Main.storyboard */; };
		653E3C7F29539000007EC9CA /* Assets.xcassets in Resources */ = {isa = PBXBuildFile; fileRef = 653E3C7E29539000007EC9CA /* Assets.xcassets */; };
		653E3C8229539000007EC9CA /* LaunchScreen.storyboard in Resources */ = {isa = PBXBuildFile; fileRef = 653E3C8029539000007EC9CA /* LaunchScreen.storyboard */; };
		654FC5212A08E84800304A1F /* TabBarController.swift in Sources */ = {isa = PBXBuildFile; fileRef = 654FC5202A08E84800304A1F /* TabBarController.swift */; };
		654FC5232A09770300304A1F /* ImagesListService.swift in Sources */ = {isa = PBXBuildFile; fileRef = 654FC5222A09770300304A1F /* ImagesListService.swift */; };
		654FC5252A1552CE00304A1F /* WebViewPresenter.swift in Sources */ = {isa = PBXBuildFile; fileRef = 654FC5242A1552CE00304A1F /* WebViewPresenter.swift */; };
		654FC5272A1564F900304A1F /* AuthHelper.swift in Sources */ = {isa = PBXBuildFile; fileRef = 654FC5262A1564F900304A1F /* AuthHelper.swift */; };
		654FC52F2A1568A400304A1F /* WebViewTests.swift in Sources */ = {isa = PBXBuildFile; fileRef = 654FC52E2A1568A400304A1F /* WebViewTests.swift */; };
		654FC5362A156A5000304A1F /* WebViewPresenterSpy.swift in Sources */ = {isa = PBXBuildFile; fileRef = 654FC5352A156A5000304A1F /* WebViewPresenterSpy.swift */; };
		654FC5382A156B0D00304A1F /* WebViewControllerSpy.swift in Sources */ = {isa = PBXBuildFile; fileRef = 654FC5372A156B0D00304A1F /* WebViewControllerSpy.swift */; };
		654FC53A2A15729A00304A1F /* ProfileViewTests.swift in Sources */ = {isa = PBXBuildFile; fileRef = 654FC5392A15729A00304A1F /* ProfileViewTests.swift */; };
		654FC53C2A1572CC00304A1F /* ProfilePresenterSpy.swift in Sources */ = {isa = PBXBuildFile; fileRef = 654FC53B2A1572CC00304A1F /* ProfilePresenterSpy.swift */; };
		654FC53E2A15730200304A1F /* ProfileViewControllerSpy.swift in Sources */ = {isa = PBXBuildFile; fileRef = 654FC53D2A15730200304A1F /* ProfileViewControllerSpy.swift */; };
		654FC5402A1573F600304A1F /* ProfilePresenter.swift in Sources */ = {isa = PBXBuildFile; fileRef = 654FC53F2A1573F600304A1F /* ProfilePresenter.swift */; };
		654FC5422A157F0D00304A1F /* ImagesListTests.swift in Sources */ = {isa = PBXBuildFile; fileRef = 654FC5412A157F0D00304A1F /* ImagesListTests.swift */; };
		654FC5442A157F5200304A1F /* ImagesListPresenterSpy.swift in Sources */ = {isa = PBXBuildFile; fileRef = 654FC5432A157F5200304A1F /* ImagesListPresenterSpy.swift */; };
		654FC5462A157F8F00304A1F /* ImagesListViewControllerSpy.swift in Sources */ = {isa = PBXBuildFile; fileRef = 654FC5452A157F8F00304A1F /* ImagesListViewControllerSpy.swift */; };
		654FC5482A15800800304A1F /* ImagesListPresenter.swift in Sources */ = {isa = PBXBuildFile; fileRef = 654FC5472A15800800304A1F /* ImagesListPresenter.swift */; };
		65599826298FF52300C4FCA8 /* AuthConfiguration.swift in Sources */ = {isa = PBXBuildFile; fileRef = 65599825298FF52300C4FCA8 /* AuthConfiguration.swift */; };
		65599828298FF6A000C4FCA8 /* ImagesListViewController.swift in Sources */ = {isa = PBXBuildFile; fileRef = 65599827298FF6A000C4FCA8 /* ImagesListViewController.swift */; };
		655EAC6B29B4BFF6002D0A01 /* SplashViewController.swift in Sources */ = {isa = PBXBuildFile; fileRef = 655EAC6A29B4BFF6002D0A01 /* SplashViewController.swift */; };
		655EAC6E29BE33AB002D0A01 /* ProgressHUD in Frameworks */ = {isa = PBXBuildFile; productRef = 655EAC6D29BE33AB002D0A01 /* ProgressHUD */; };
		655EAC7229C25558002D0A01 /* UIBlockingProgressHUD.swift in Sources */ = {isa = PBXBuildFile; fileRef = 655EAC7129C25558002D0A01 /* UIBlockingProgressHUD.swift */; };
		655EAC7429C6022A002D0A01 /* ProfileService.swift in Sources */ = {isa = PBXBuildFile; fileRef = 655EAC7329C6022A002D0A01 /* ProfileService.swift */; };
		655EAC7629C606A4002D0A01 /* RequestHelper.swift in Sources */ = {isa = PBXBuildFile; fileRef = 655EAC7529C606A4002D0A01 /* RequestHelper.swift */; };
		6576E9FA29EDC99D00CCA184 /* ProfileImageService.swift in Sources */ = {isa = PBXBuildFile; fileRef = 6576E9F929EDC99D00CCA184 /* ProfileImageService.swift */; };
		6576E9FD29EDE42700CCA184 /* Kingfisher in Frameworks */ = {isa = PBXBuildFile; productRef = 6576E9FC29EDE42700CCA184 /* Kingfisher */; };
		6576EA0029EDE46800CCA184 /* SwiftKeychainWrapper in Frameworks */ = {isa = PBXBuildFile; productRef = 6576E9FF29EDE46800CCA184 /* SwiftKeychainWrapper */; };
		658C05C8298643F700AB3CB5 /* SingleImageViewController.swift in Sources */ = {isa = PBXBuildFile; fileRef = 658C05C7298643F700AB3CB5 /* SingleImageViewController.swift */; };
		65A2B01F2973F52E001042A9 /* ImagesListCell.swift in Sources */ = {isa = PBXBuildFile; fileRef = 65A2B01E2973F52E001042A9 /* ImagesListCell.swift */; };
		65A2B023297D2B21001042A9 /* ProfileViewController.swift in Sources */ = {isa = PBXBuildFile; fileRef = 65A2B022297D2B21001042A9 /* ProfileViewController.swift */; };
		65C1C37B2998E972001BCB0F /* AuthViewController.swift in Sources */ = {isa = PBXBuildFile; fileRef = 65C1C37A2998E972001BCB0F /* AuthViewController.swift */; };
		65C1C37E299904DE001BCB0F /* WebViewViewController.swift in Sources */ = {isa = PBXBuildFile; fileRef = 65C1C37D299904DE001BCB0F /* WebViewViewController.swift */; };
		65C1C38029992779001BCB0F /* OAuth2Service.swift in Sources */ = {isa = PBXBuildFile; fileRef = 65C1C37F29992779001BCB0F /* OAuth2Service.swift */; };
		65C1C384299AC1A3001BCB0F /* Oauth2TokenStorage.swift in Sources */ = {isa = PBXBuildFile; fileRef = 65C1C383299AC1A3001BCB0F /* Oauth2TokenStorage.swift */; };
		65C1C386299ACA13001BCB0F /* OAuth2TokenResponseBody.swift in Sources */ = {isa = PBXBuildFile; fileRef = 65C1C385299ACA13001BCB0F /* OAuth2TokenResponseBody.swift */; };
/* End PBXBuildFile section */

/* Begin PBXContainerItemProxy section */
		654FC5302A1568A400304A1F /* PBXContainerItemProxy */ = {
			isa = PBXContainerItemProxy;
			containerPortal = 653E3C6A29538FFF007EC9CA /* Project object */;
			proxyType = 1;
			remoteGlobalIDString = 653E3C7129538FFF007EC9CA;
			remoteInfo = ImageFeed;
		};
/* End PBXContainerItemProxy section */

/* Begin PBXFileReference section */
		653E3C7229538FFF007EC9CA /* ImageFeed.app */ = {isa = PBXFileReference; explicitFileType = wrapper.application; includeInIndex = 0; path = ImageFeed.app; sourceTree = BUILT_PRODUCTS_DIR; };
		653E3C7529538FFF007EC9CA /* AppDelegate.swift */ = {isa = PBXFileReference; lastKnownFileType = sourcecode.swift; path = AppDelegate.swift; sourceTree = "<group>"; };
		653E3C7729538FFF007EC9CA /* SceneDelegate.swift */ = {isa = PBXFileReference; lastKnownFileType = sourcecode.swift; path = SceneDelegate.swift; sourceTree = "<group>"; };
		653E3C7C29538FFF007EC9CA /* Base */ = {isa = PBXFileReference; lastKnownFileType = file.storyboard; name = Base; path = Base.lproj/Main.storyboard; sourceTree = "<group>"; };
		653E3C7E29539000007EC9CA /* Assets.xcassets */ = {isa = PBXFileReference; lastKnownFileType = folder.assetcatalog; path = Assets.xcassets; sourceTree = "<group>"; };
		653E3C8129539000007EC9CA /* Base */ = {isa = PBXFileReference; lastKnownFileType = file.storyboard; name = Base; path = Base.lproj/LaunchScreen.storyboard; sourceTree = "<group>"; };
		653E3C8329539000007EC9CA /* Info.plist */ = {isa = PBXFileReference; lastKnownFileType = text.plist.xml; path = Info.plist; sourceTree = "<group>"; };
		654FC5202A08E84800304A1F /* TabBarController.swift */ = {isa = PBXFileReference; lastKnownFileType = sourcecode.swift; path = TabBarController.swift; sourceTree = "<group>"; };
		654FC5222A09770300304A1F /* ImagesListService.swift */ = {isa = PBXFileReference; lastKnownFileType = sourcecode.swift; path = ImagesListService.swift; sourceTree = "<group>"; };
		654FC5242A1552CE00304A1F /* WebViewPresenter.swift */ = {isa = PBXFileReference; lastKnownFileType = sourcecode.swift; path = WebViewPresenter.swift; sourceTree = "<group>"; };
		654FC5262A1564F900304A1F /* AuthHelper.swift */ = {isa = PBXFileReference; lastKnownFileType = sourcecode.swift; path = AuthHelper.swift; sourceTree = "<group>"; };
		654FC52C2A1568A400304A1F /* ImageFeedTests.xctest */ = {isa = PBXFileReference; explicitFileType = wrapper.cfbundle; includeInIndex = 0; path = ImageFeedTests.xctest; sourceTree = BUILT_PRODUCTS_DIR; };
		654FC52E2A1568A400304A1F /* WebViewTests.swift */ = {isa = PBXFileReference; lastKnownFileType = sourcecode.swift; path = WebViewTests.swift; sourceTree = "<group>"; };
		654FC5352A156A5000304A1F /* WebViewPresenterSpy.swift */ = {isa = PBXFileReference; lastKnownFileType = sourcecode.swift; path = WebViewPresenterSpy.swift; sourceTree = "<group>"; };
		654FC5372A156B0D00304A1F /* WebViewControllerSpy.swift */ = {isa = PBXFileReference; lastKnownFileType = sourcecode.swift; path = WebViewControllerSpy.swift; sourceTree = "<group>"; };
		654FC5392A15729A00304A1F /* ProfileViewTests.swift */ = {isa = PBXFileReference; lastKnownFileType = sourcecode.swift; path = ProfileViewTests.swift; sourceTree = "<group>"; };
		654FC53B2A1572CC00304A1F /* ProfilePresenterSpy.swift */ = {isa = PBXFileReference; lastKnownFileType = sourcecode.swift; path = ProfilePresenterSpy.swift; sourceTree = "<group>"; };
		654FC53D2A15730200304A1F /* ProfileViewControllerSpy.swift */ = {isa = PBXFileReference; lastKnownFileType = sourcecode.swift; path = ProfileViewControllerSpy.swift; sourceTree = "<group>"; };
		654FC53F2A1573F600304A1F /* ProfilePresenter.swift */ = {isa = PBXFileReference; lastKnownFileType = sourcecode.swift; path = ProfilePresenter.swift; sourceTree = "<group>"; };
		654FC5412A157F0D00304A1F /* ImagesListTests.swift */ = {isa = PBXFileReference; lastKnownFileType = sourcecode.swift; path = ImagesListTests.swift; sourceTree = "<group>"; };
		654FC5432A157F5200304A1F /* ImagesListPresenterSpy.swift */ = {isa = PBXFileReference; lastKnownFileType = sourcecode.swift; path = ImagesListPresenterSpy.swift; sourceTree = "<group>"; };
		654FC5452A157F8F00304A1F /* ImagesListViewControllerSpy.swift */ = {isa = PBXFileReference; lastKnownFileType = sourcecode.swift; path = ImagesListViewControllerSpy.swift; sourceTree = "<group>"; };
		654FC5472A15800800304A1F /* ImagesListPresenter.swift */ = {isa = PBXFileReference; lastKnownFileType = sourcecode.swift; path = ImagesListPresenter.swift; sourceTree = "<group>"; };
		65599825298FF52300C4FCA8 /* AuthConfiguration.swift */ = {isa = PBXFileReference; lastKnownFileType = sourcecode.swift; path = AuthConfiguration.swift; sourceTree = "<group>"; };
		65599827298FF6A000C4FCA8 /* ImagesListViewController.swift */ = {isa = PBXFileReference; lastKnownFileType = sourcecode.swift; path = ImagesListViewController.swift; sourceTree = "<group>"; };
		655EAC6A29B4BFF6002D0A01 /* SplashViewController.swift */ = {isa = PBXFileReference; lastKnownFileType = sourcecode.swift; path = SplashViewController.swift; sourceTree = "<group>"; };
		655EAC7129C25558002D0A01 /* UIBlockingProgressHUD.swift */ = {isa = PBXFileReference; lastKnownFileType = sourcecode.swift; path = UIBlockingProgressHUD.swift; sourceTree = "<group>"; };
		655EAC7329C6022A002D0A01 /* ProfileService.swift */ = {isa = PBXFileReference; lastKnownFileType = sourcecode.swift; path = ProfileService.swift; sourceTree = "<group>"; };
		655EAC7529C606A4002D0A01 /* RequestHelper.swift */ = {isa = PBXFileReference; lastKnownFileType = sourcecode.swift; path = RequestHelper.swift; sourceTree = "<group>"; };
		6576E9F929EDC99D00CCA184 /* ProfileImageService.swift */ = {isa = PBXFileReference; lastKnownFileType = sourcecode.swift; path = ProfileImageService.swift; sourceTree = "<group>"; };
		658C05C7298643F700AB3CB5 /* SingleImageViewController.swift */ = {isa = PBXFileReference; lastKnownFileType = sourcecode.swift; path = SingleImageViewController.swift; sourceTree = "<group>"; };
		65A2B01E2973F52E001042A9 /* ImagesListCell.swift */ = {isa = PBXFileReference; lastKnownFileType = sourcecode.swift; path = ImagesListCell.swift; sourceTree = "<group>"; };
		65A2B022297D2B21001042A9 /* ProfileViewController.swift */ = {isa = PBXFileReference; lastKnownFileType = sourcecode.swift; path = ProfileViewController.swift; sourceTree = "<group>"; };
		65C1C37A2998E972001BCB0F /* AuthViewController.swift */ = {isa = PBXFileReference; lastKnownFileType = sourcecode.swift; path = AuthViewController.swift; sourceTree = "<group>"; };
		65C1C37D299904DE001BCB0F /* WebViewViewController.swift */ = {isa = PBXFileReference; lastKnownFileType = sourcecode.swift; path = WebViewViewController.swift; sourceTree = "<group>"; };
		65C1C37F29992779001BCB0F /* OAuth2Service.swift */ = {isa = PBXFileReference; lastKnownFileType = sourcecode.swift; path = OAuth2Service.swift; sourceTree = "<group>"; };
		65C1C383299AC1A3001BCB0F /* Oauth2TokenStorage.swift */ = {isa = PBXFileReference; lastKnownFileType = sourcecode.swift; path = Oauth2TokenStorage.swift; sourceTree = "<group>"; };
		65C1C385299ACA13001BCB0F /* OAuth2TokenResponseBody.swift */ = {isa = PBXFileReference; lastKnownFileType = sourcecode.swift; path = OAuth2TokenResponseBody.swift; sourceTree = "<group>"; };
/* End PBXFileReference section */

/* Begin PBXFrameworksBuildPhase section */
		653E3C6F29538FFF007EC9CA /* Frameworks */ = {
			isa = PBXFrameworksBuildPhase;
			buildActionMask = 2147483647;
			files = (
				6576E9FD29EDE42700CCA184 /* Kingfisher in Frameworks */,
				655EAC6E29BE33AB002D0A01 /* ProgressHUD in Frameworks */,
				6576EA0029EDE46800CCA184 /* SwiftKeychainWrapper in Frameworks */,
			);
			runOnlyForDeploymentPostprocessing = 0;
		};
		654FC5292A1568A400304A1F /* Frameworks */ = {
			isa = PBXFrameworksBuildPhase;
			buildActionMask = 2147483647;
			files = (
			);
			runOnlyForDeploymentPostprocessing = 0;
		};
/* End PBXFrameworksBuildPhase section */

/* Begin PBXGroup section */
		653E3C6929538FFF007EC9CA = {
			isa = PBXGroup;
			children = (
				653E3C7429538FFF007EC9CA /* ImageFeed */,
				654FC52D2A1568A400304A1F /* ImageFeedTests */,
				653E3C7329538FFF007EC9CA /* Products */,
			);
			sourceTree = "<group>";
		};
		653E3C7329538FFF007EC9CA /* Products */ = {
			isa = PBXGroup;
			children = (
				653E3C7229538FFF007EC9CA /* ImageFeed.app */,
				654FC52C2A1568A400304A1F /* ImageFeedTests.xctest */,
			);
			name = Products;
			sourceTree = "<group>";
		};
		653E3C7429538FFF007EC9CA /* ImageFeed */ = {
			isa = PBXGroup;
			children = (
				654FC51F2A08E81F00304A1F /* TabBarController */,
				655EAC7029C2553D002D0A01 /* Helpers */,
				655EAC6929B4BFB1002D0A01 /* SplashView */,
				65C1C381299AC16A001BCB0F /* ServiceAccessLayer */,
				65C1C37C2998E98F001BCB0F /* Auth */,
				658C05C6298643CD00AB3CB5 /* SingleImage */,
				65A2B020297420D5001042A9 /* ImagesList */,
				65A2B021297D2AFF001042A9 /* Profile */,
				653E3C7529538FFF007EC9CA /* AppDelegate.swift */,
				653E3C7729538FFF007EC9CA /* SceneDelegate.swift */,
				65599825298FF52300C4FCA8 /* AuthConfiguration.swift */,
				653E3C7B29538FFF007EC9CA /* Main.storyboard */,
				653E3C7E29539000007EC9CA /* Assets.xcassets */,
				653E3C8029539000007EC9CA /* LaunchScreen.storyboard */,
				653E3C8329539000007EC9CA /* Info.plist */,
			);
			path = ImageFeed;
			sourceTree = "<group>";
		};
		654FC51F2A08E81F00304A1F /* TabBarController */ = {
			isa = PBXGroup;
			children = (
				654FC5202A08E84800304A1F /* TabBarController.swift */,
			);
			path = TabBarController;
			sourceTree = "<group>";
		};
		654FC52D2A1568A400304A1F /* ImageFeedTests */ = {
			isa = PBXGroup;
			children = (
				654FC52E2A1568A400304A1F /* WebViewTests.swift */,
				654FC5352A156A5000304A1F /* WebViewPresenterSpy.swift */,
				654FC5372A156B0D00304A1F /* WebViewControllerSpy.swift */,
				654FC5392A15729A00304A1F /* ProfileViewTests.swift */,
				654FC53B2A1572CC00304A1F /* ProfilePresenterSpy.swift */,
				654FC53D2A15730200304A1F /* ProfileViewControllerSpy.swift */,
				654FC5412A157F0D00304A1F /* ImagesListTests.swift */,
				654FC5432A157F5200304A1F /* ImagesListPresenterSpy.swift */,
				654FC5452A157F8F00304A1F /* ImagesListViewControllerSpy.swift */,
			);
			path = ImageFeedTests;
			sourceTree = "<group>";
		};
		655EAC6929B4BFB1002D0A01 /* SplashView */ = {
			isa = PBXGroup;
			children = (
				655EAC6A29B4BFF6002D0A01 /* SplashViewController.swift */,
			);
			path = SplashView;
			sourceTree = "<group>";
		};
		655EAC7029C2553D002D0A01 /* Helpers */ = {
			isa = PBXGroup;
			children = (
				655EAC7129C25558002D0A01 /* UIBlockingProgressHUD.swift */,
				655EAC7529C606A4002D0A01 /* RequestHelper.swift */,
				654FC5262A1564F900304A1F /* AuthHelper.swift */,
			);
			path = Helpers;
			sourceTree = "<group>";
		};
		658C05C6298643CD00AB3CB5 /* SingleImage */ = {
			isa = PBXGroup;
			children = (
				658C05C7298643F700AB3CB5 /* SingleImageViewController.swift */,
			);
			path = SingleImage;
			sourceTree = "<group>";
		};
		65A2B020297420D5001042A9 /* ImagesList */ = {
			isa = PBXGroup;
			children = (
				65A2B01E2973F52E001042A9 /* ImagesListCell.swift */,
				65599827298FF6A000C4FCA8 /* ImagesListViewController.swift */,
				654FC5222A09770300304A1F /* ImagesListService.swift */,
				654FC5472A15800800304A1F /* ImagesListPresenter.swift */,
			);
			path = ImagesList;
			sourceTree = "<group>";
		};
		65A2B021297D2AFF001042A9 /* Profile */ = {
			isa = PBXGroup;
			children = (
				65A2B022297D2B21001042A9 /* ProfileViewController.swift */,
				655EAC7329C6022A002D0A01 /* ProfileService.swift */,
				6576E9F929EDC99D00CCA184 /* ProfileImageService.swift */,
				654FC53F2A1573F600304A1F /* ProfilePresenter.swift */,
			);
			path = Profile;
			sourceTree = "<group>";
		};
		65C1C37C2998E98F001BCB0F /* Auth */ = {
			isa = PBXGroup;
			children = (
				65C1C37A2998E972001BCB0F /* AuthViewController.swift */,
				65C1C37D299904DE001BCB0F /* WebViewViewController.swift */,
				654FC5242A1552CE00304A1F /* WebViewPresenter.swift */,
			);
			path = Auth;
			sourceTree = "<group>";
		};
		65C1C381299AC16A001BCB0F /* ServiceAccessLayer */ = {
			isa = PBXGroup;
			children = (
				65C1C382299AC17E001BCB0F /* OAuth2 */,
			);
			path = ServiceAccessLayer;
			sourceTree = "<group>";
		};
		65C1C382299AC17E001BCB0F /* OAuth2 */ = {
			isa = PBXGroup;
			children = (
				65C1C37F29992779001BCB0F /* OAuth2Service.swift */,
				65C1C383299AC1A3001BCB0F /* Oauth2TokenStorage.swift */,
				65C1C385299ACA13001BCB0F /* OAuth2TokenResponseBody.swift */,
			);
			path = OAuth2;
			sourceTree = "<group>";
		};
/* End PBXGroup section */

/* Begin PBXNativeTarget section */
		653E3C7129538FFF007EC9CA /* ImageFeed */ = {
			isa = PBXNativeTarget;
			buildConfigurationList = 653E3C8629539000007EC9CA /* Build configuration list for PBXNativeTarget "ImageFeed" */;
			buildPhases = (
				653E3C6E29538FFF007EC9CA /* Sources */,
				653E3C6F29538FFF007EC9CA /* Frameworks */,
				653E3C7029538FFF007EC9CA /* Resources */,
			);
			buildRules = (
			);
			dependencies = (
			);
			name = ImageFeed;
			packageProductDependencies = (
				655EAC6D29BE33AB002D0A01 /* ProgressHUD */,
				6576E9FC29EDE42700CCA184 /* Kingfisher */,
				6576E9FF29EDE46800CCA184 /* SwiftKeychainWrapper */,
			);
			productName = ImageFeed;
			productReference = 653E3C7229538FFF007EC9CA /* ImageFeed.app */;
			productType = "com.apple.product-type.application";
		};
		654FC52B2A1568A400304A1F /* ImageFeedTests */ = {
			isa = PBXNativeTarget;
			buildConfigurationList = 654FC5322A1568A400304A1F /* Build configuration list for PBXNativeTarget "ImageFeedTests" */;
			buildPhases = (
				654FC5282A1568A400304A1F /* Sources */,
				654FC5292A1568A400304A1F /* Frameworks */,
				654FC52A2A1568A400304A1F /* Resources */,
			);
			buildRules = (
			);
			dependencies = (
				654FC5312A1568A400304A1F /* PBXTargetDependency */,
			);
			name = ImageFeedTests;
			productName = ImageFeedTests;
			productReference = 654FC52C2A1568A400304A1F /* ImageFeedTests.xctest */;
			productType = "com.apple.product-type.bundle.unit-test";
		};
/* End PBXNativeTarget section */

/* Begin PBXProject section */
		653E3C6A29538FFF007EC9CA /* Project object */ = {
			isa = PBXProject;
			attributes = {
				BuildIndependentTargetsInParallel = 1;
				LastSwiftUpdateCheck = 1430;
				LastUpgradeCheck = 1420;
				TargetAttributes = {
					653E3C7129538FFF007EC9CA = {
						CreatedOnToolsVersion = 14.2;
					};
					654FC52B2A1568A400304A1F = {
						CreatedOnToolsVersion = 14.3;
						TestTargetID = 653E3C7129538FFF007EC9CA;
					};
				};
			};
			buildConfigurationList = 653E3C6D29538FFF007EC9CA /* Build configuration list for PBXProject "ImageFeed" */;
			compatibilityVersion = "Xcode 14.0";
			developmentRegion = en;
			hasScannedForEncodings = 0;
			knownRegions = (
				en,
				Base,
			);
			mainGroup = 653E3C6929538FFF007EC9CA;
			packageReferences = (
				655EAC6C29BE33AB002D0A01 /* XCRemoteSwiftPackageReference "ProgressHUD" */,
				6576E9FB29EDE42700CCA184 /* XCRemoteSwiftPackageReference "Kingfisher" */,
				6576E9FE29EDE46800CCA184 /* XCRemoteSwiftPackageReference "SwiftKeychainWrapper" */,
			);
			productRefGroup = 653E3C7329538FFF007EC9CA /* Products */;
			projectDirPath = "";
			projectRoot = "";
			targets = (
				653E3C7129538FFF007EC9CA /* ImageFeed */,
				654FC52B2A1568A400304A1F /* ImageFeedTests */,
			);
		};
/* End PBXProject section */

/* Begin PBXResourcesBuildPhase section */
		653E3C7029538FFF007EC9CA /* Resources */ = {
			isa = PBXResourcesBuildPhase;
			buildActionMask = 2147483647;
			files = (
				653E3C8229539000007EC9CA /* LaunchScreen.storyboard in Resources */,
				653E3C7F29539000007EC9CA /* Assets.xcassets in Resources */,
				653E3C7D29538FFF007EC9CA /* Main.storyboard in Resources */,
			);
			runOnlyForDeploymentPostprocessing = 0;
		};
		654FC52A2A1568A400304A1F /* Resources */ = {
			isa = PBXResourcesBuildPhase;
			buildActionMask = 2147483647;
			files = (
			);
			runOnlyForDeploymentPostprocessing = 0;
		};
/* End PBXResourcesBuildPhase section */

/* Begin PBXSourcesBuildPhase section */
		653E3C6E29538FFF007EC9CA /* Sources */ = {
			isa = PBXSourcesBuildPhase;
			buildActionMask = 2147483647;
			files = (
				654FC5402A1573F600304A1F /* ProfilePresenter.swift in Sources */,
				65A2B01F2973F52E001042A9 /* ImagesListCell.swift in Sources */,
				65A2B023297D2B21001042A9 /* ProfileViewController.swift in Sources */,
				653E3C7629538FFF007EC9CA /* AppDelegate.swift in Sources */,
				654FC5212A08E84800304A1F /* TabBarController.swift in Sources */,
				65599826298FF52300C4FCA8 /* AuthConfiguration.swift in Sources */,
				654FC5272A1564F900304A1F /* AuthHelper.swift in Sources */,
				65C1C37B2998E972001BCB0F /* AuthViewController.swift in Sources */,
				658C05C8298643F700AB3CB5 /* SingleImageViewController.swift in Sources */,
				654FC5482A15800800304A1F /* ImagesListPresenter.swift in Sources */,
				6576E9FA29EDC99D00CCA184 /* ProfileImageService.swift in Sources */,
				655EAC6B29B4BFF6002D0A01 /* SplashViewController.swift in Sources */,
				655EAC7629C606A4002D0A01 /* RequestHelper.swift in Sources */,
				654FC5252A1552CE00304A1F /* WebViewPresenter.swift in Sources */,
				65599828298FF6A000C4FCA8 /* ImagesListViewController.swift in Sources */,
				65C1C37E299904DE001BCB0F /* WebViewViewController.swift in Sources */,
				65C1C384299AC1A3001BCB0F /* Oauth2TokenStorage.swift in Sources */,
				65C1C386299ACA13001BCB0F /* OAuth2TokenResponseBody.swift in Sources */,
				65C1C38029992779001BCB0F /* OAuth2Service.swift in Sources */,
				653E3C7829538FFF007EC9CA /* SceneDelegate.swift in Sources */,
				655EAC7229C25558002D0A01 /* UIBlockingProgressHUD.swift in Sources */,
				655EAC7429C6022A002D0A01 /* ProfileService.swift in Sources */,
				654FC5232A09770300304A1F /* ImagesListService.swift in Sources */,
			);
			runOnlyForDeploymentPostprocessing = 0;
		};
		654FC5282A1568A400304A1F /* Sources */ = {
			isa = PBXSourcesBuildPhase;
			buildActionMask = 2147483647;
			files = (
				654FC5422A157F0D00304A1F /* ImagesListTests.swift in Sources */,
				654FC5442A157F5200304A1F /* ImagesListPresenterSpy.swift in Sources */,
				654FC53A2A15729A00304A1F /* ProfileViewTests.swift in Sources */,
				654FC52F2A1568A400304A1F /* WebViewTests.swift in Sources */,
				654FC5382A156B0D00304A1F /* WebViewControllerSpy.swift in Sources */,
				654FC53C2A1572CC00304A1F /* ProfilePresenterSpy.swift in Sources */,
				654FC5462A157F8F00304A1F /* ImagesListViewControllerSpy.swift in Sources */,
				654FC5362A156A5000304A1F /* WebViewPresenterSpy.swift in Sources */,
				654FC53E2A15730200304A1F /* ProfileViewControllerSpy.swift in Sources */,
			);
			runOnlyForDeploymentPostprocessing = 0;
		};
/* End PBXSourcesBuildPhase section */

/* Begin PBXTargetDependency section */
		654FC5312A1568A400304A1F /* PBXTargetDependency */ = {
			isa = PBXTargetDependency;
			target = 653E3C7129538FFF007EC9CA /* ImageFeed */;
			targetProxy = 654FC5302A1568A400304A1F /* PBXContainerItemProxy */;
		};
/* End PBXTargetDependency section */

/* Begin PBXVariantGroup section */
		653E3C7B29538FFF007EC9CA /* Main.storyboard */ = {
			isa = PBXVariantGroup;
			children = (
				653E3C7C29538FFF007EC9CA /* Base */,
			);
			name = Main.storyboard;
			sourceTree = "<group>";
		};
		653E3C8029539000007EC9CA /* LaunchScreen.storyboard */ = {
			isa = PBXVariantGroup;
			children = (
				653E3C8129539000007EC9CA /* Base */,
			);
			name = LaunchScreen.storyboard;
			sourceTree = "<group>";
		};
/* End PBXVariantGroup section */

/* Begin XCBuildConfiguration section */
		653E3C8429539000007EC9CA /* Debug */ = {
			isa = XCBuildConfiguration;
			buildSettings = {
				ALWAYS_SEARCH_USER_PATHS = NO;
				CLANG_ANALYZER_NONNULL = YES;
				CLANG_ANALYZER_NUMBER_OBJECT_CONVERSION = YES_AGGRESSIVE;
				CLANG_CXX_LANGUAGE_STANDARD = "gnu++20";
				CLANG_ENABLE_MODULES = YES;
				CLANG_ENABLE_OBJC_ARC = YES;
				CLANG_ENABLE_OBJC_WEAK = YES;
				CLANG_WARN_BLOCK_CAPTURE_AUTORELEASING = YES;
				CLANG_WARN_BOOL_CONVERSION = YES;
				CLANG_WARN_COMMA = YES;
				CLANG_WARN_CONSTANT_CONVERSION = YES;
				CLANG_WARN_DEPRECATED_OBJC_IMPLEMENTATIONS = YES;
				CLANG_WARN_DIRECT_OBJC_ISA_USAGE = YES_ERROR;
				CLANG_WARN_DOCUMENTATION_COMMENTS = YES;
				CLANG_WARN_EMPTY_BODY = YES;
				CLANG_WARN_ENUM_CONVERSION = YES;
				CLANG_WARN_INFINITE_RECURSION = YES;
				CLANG_WARN_INT_CONVERSION = YES;
				CLANG_WARN_NON_LITERAL_NULL_CONVERSION = YES;
				CLANG_WARN_OBJC_IMPLICIT_RETAIN_SELF = YES;
				CLANG_WARN_OBJC_LITERAL_CONVERSION = YES;
				CLANG_WARN_OBJC_ROOT_CLASS = YES_ERROR;
				CLANG_WARN_QUOTED_INCLUDE_IN_FRAMEWORK_HEADER = YES;
				CLANG_WARN_RANGE_LOOP_ANALYSIS = YES;
				CLANG_WARN_STRICT_PROTOTYPES = YES;
				CLANG_WARN_SUSPICIOUS_MOVE = YES;
				CLANG_WARN_UNGUARDED_AVAILABILITY = YES_AGGRESSIVE;
				CLANG_WARN_UNREACHABLE_CODE = YES;
				CLANG_WARN__DUPLICATE_METHOD_MATCH = YES;
				COPY_PHASE_STRIP = NO;
				DEBUG_INFORMATION_FORMAT = dwarf;
				ENABLE_STRICT_OBJC_MSGSEND = YES;
				ENABLE_TESTABILITY = YES;
				GCC_C_LANGUAGE_STANDARD = gnu11;
				GCC_DYNAMIC_NO_PIC = NO;
				GCC_NO_COMMON_BLOCKS = YES;
				GCC_OPTIMIZATION_LEVEL = 0;
				GCC_PREPROCESSOR_DEFINITIONS = (
					"DEBUG=1",
					"$(inherited)",
				);
				GCC_WARN_64_TO_32_BIT_CONVERSION = YES;
				GCC_WARN_ABOUT_RETURN_TYPE = YES_ERROR;
				GCC_WARN_UNDECLARED_SELECTOR = YES;
				GCC_WARN_UNINITIALIZED_AUTOS = YES_AGGRESSIVE;
				GCC_WARN_UNUSED_FUNCTION = YES;
				GCC_WARN_UNUSED_VARIABLE = YES;
				IPHONEOS_DEPLOYMENT_TARGET = 13.0;
				MTL_ENABLE_DEBUG_INFO = INCLUDE_SOURCE;
				MTL_FAST_MATH = YES;
				ONLY_ACTIVE_ARCH = YES;
				SDKROOT = iphoneos;
				SWIFT_ACTIVE_COMPILATION_CONDITIONS = DEBUG;
				SWIFT_OPTIMIZATION_LEVEL = "-Onone";
			};
			name = Debug;
		};
		653E3C8529539000007EC9CA /* Release */ = {
			isa = XCBuildConfiguration;
			buildSettings = {
				ALWAYS_SEARCH_USER_PATHS = NO;
				CLANG_ANALYZER_NONNULL = YES;
				CLANG_ANALYZER_NUMBER_OBJECT_CONVERSION = YES_AGGRESSIVE;
				CLANG_CXX_LANGUAGE_STANDARD = "gnu++20";
				CLANG_ENABLE_MODULES = YES;
				CLANG_ENABLE_OBJC_ARC = YES;
				CLANG_ENABLE_OBJC_WEAK = YES;
				CLANG_WARN_BLOCK_CAPTURE_AUTORELEASING = YES;
				CLANG_WARN_BOOL_CONVERSION = YES;
				CLANG_WARN_COMMA = YES;
				CLANG_WARN_CONSTANT_CONVERSION = YES;
				CLANG_WARN_DEPRECATED_OBJC_IMPLEMENTATIONS = YES;
				CLANG_WARN_DIRECT_OBJC_ISA_USAGE = YES_ERROR;
				CLANG_WARN_DOCUMENTATION_COMMENTS = YES;
				CLANG_WARN_EMPTY_BODY = YES;
				CLANG_WARN_ENUM_CONVERSION = YES;
				CLANG_WARN_INFINITE_RECURSION = YES;
				CLANG_WARN_INT_CONVERSION = YES;
				CLANG_WARN_NON_LITERAL_NULL_CONVERSION = YES;
				CLANG_WARN_OBJC_IMPLICIT_RETAIN_SELF = YES;
				CLANG_WARN_OBJC_LITERAL_CONVERSION = YES;
				CLANG_WARN_OBJC_ROOT_CLASS = YES_ERROR;
				CLANG_WARN_QUOTED_INCLUDE_IN_FRAMEWORK_HEADER = YES;
				CLANG_WARN_RANGE_LOOP_ANALYSIS = YES;
				CLANG_WARN_STRICT_PROTOTYPES = YES;
				CLANG_WARN_SUSPICIOUS_MOVE = YES;
				CLANG_WARN_UNGUARDED_AVAILABILITY = YES_AGGRESSIVE;
				CLANG_WARN_UNREACHABLE_CODE = YES;
				CLANG_WARN__DUPLICATE_METHOD_MATCH = YES;
				COPY_PHASE_STRIP = NO;
				DEBUG_INFORMATION_FORMAT = "dwarf-with-dsym";
				ENABLE_NS_ASSERTIONS = NO;
				ENABLE_STRICT_OBJC_MSGSEND = YES;
				GCC_C_LANGUAGE_STANDARD = gnu11;
				GCC_NO_COMMON_BLOCKS = YES;
				GCC_WARN_64_TO_32_BIT_CONVERSION = YES;
				GCC_WARN_ABOUT_RETURN_TYPE = YES_ERROR;
				GCC_WARN_UNDECLARED_SELECTOR = YES;
				GCC_WARN_UNINITIALIZED_AUTOS = YES_AGGRESSIVE;
				GCC_WARN_UNUSED_FUNCTION = YES;
				GCC_WARN_UNUSED_VARIABLE = YES;
				IPHONEOS_DEPLOYMENT_TARGET = 13.0;
				MTL_ENABLE_DEBUG_INFO = NO;
				MTL_FAST_MATH = YES;
				SDKROOT = iphoneos;
				SWIFT_COMPILATION_MODE = wholemodule;
				SWIFT_OPTIMIZATION_LEVEL = "-O";
				VALIDATE_PRODUCT = YES;
			};
			name = Release;
		};
		653E3C8729539000007EC9CA /* Debug */ = {
			isa = XCBuildConfiguration;
			buildSettings = {
				ASSETCATALOG_COMPILER_APPICON_NAME = AppIcon;
				ASSETCATALOG_COMPILER_GLOBAL_ACCENT_COLOR_NAME = AccentColor;
				CODE_SIGN_STYLE = Automatic;
				CURRENT_PROJECT_VERSION = 1;
				DEVELOPMENT_TEAM = 7UGAA85DQ9;
				GENERATE_INFOPLIST_FILE = YES;
				INFOPLIST_FILE = ImageFeed/Info.plist;
				INFOPLIST_KEY_CFBundleDisplayName = ImageFeed;
				INFOPLIST_KEY_LSApplicationCategoryType = "public.app-category.entertainment";
				INFOPLIST_KEY_UIApplicationSupportsIndirectInputEvents = YES;
				INFOPLIST_KEY_UILaunchStoryboardName = LaunchScreen.storyboard;
				INFOPLIST_KEY_UIMainStoryboardFile = Main;
				INFOPLIST_KEY_UISupportedInterfaceOrientations = UIInterfaceOrientationPortrait;
				INFOPLIST_KEY_UISupportedInterfaceOrientations_iPad = "UIInterfaceOrientationLandscapeLeft UIInterfaceOrientationLandscapeRight UIInterfaceOrientationPortrait";
				IPHONEOS_DEPLOYMENT_TARGET = 13.0;
				LD_RUNPATH_SEARCH_PATHS = (
					"$(inherited)",
					"@executable_path/Frameworks",
				);
				MARKETING_VERSION = 1.0;
				PRODUCT_BUNDLE_IDENTIFIER = com.ferradesign.ImageFeed;
				PRODUCT_NAME = "$(TARGET_NAME)";
				SUPPORTED_PLATFORMS = "iphoneos iphonesimulator";
				SUPPORTS_MACCATALYST = NO;
				SUPPORTS_MAC_DESIGNED_FOR_IPHONE_IPAD = NO;
				SWIFT_EMIT_LOC_STRINGS = YES;
				SWIFT_VERSION = 5.0;
				TARGETED_DEVICE_FAMILY = 1;
			};
			name = Debug;
		};
		653E3C8829539000007EC9CA /* Release */ = {
			isa = XCBuildConfiguration;
			buildSettings = {
				ASSETCATALOG_COMPILER_APPICON_NAME = AppIcon;
				ASSETCATALOG_COMPILER_GLOBAL_ACCENT_COLOR_NAME = AccentColor;
				CODE_SIGN_STYLE = Automatic;
				CURRENT_PROJECT_VERSION = 1;
				DEVELOPMENT_TEAM = 7UGAA85DQ9;
				GENERATE_INFOPLIST_FILE = YES;
				INFOPLIST_FILE = ImageFeed/Info.plist;
				INFOPLIST_KEY_CFBundleDisplayName = ImageFeed;
				INFOPLIST_KEY_LSApplicationCategoryType = "public.app-category.entertainment";
				INFOPLIST_KEY_UIApplicationSupportsIndirectInputEvents = YES;
				INFOPLIST_KEY_UILaunchStoryboardName = LaunchScreen.storyboard;
				INFOPLIST_KEY_UIMainStoryboardFile = Main;
				INFOPLIST_KEY_UISupportedInterfaceOrientations = UIInterfaceOrientationPortrait;
				INFOPLIST_KEY_UISupportedInterfaceOrientations_iPad = "UIInterfaceOrientationLandscapeLeft UIInterfaceOrientationLandscapeRight UIInterfaceOrientationPortrait";
				IPHONEOS_DEPLOYMENT_TARGET = 13.0;
				LD_RUNPATH_SEARCH_PATHS = (
					"$(inherited)",
					"@executable_path/Frameworks",
				);
				MARKETING_VERSION = 1.0;
				PRODUCT_BUNDLE_IDENTIFIER = com.ferradesign.ImageFeed;
				PRODUCT_NAME = "$(TARGET_NAME)";
				SUPPORTED_PLATFORMS = "iphoneos iphonesimulator";
				SUPPORTS_MACCATALYST = NO;
				SUPPORTS_MAC_DESIGNED_FOR_IPHONE_IPAD = NO;
				SWIFT_EMIT_LOC_STRINGS = YES;
				SWIFT_VERSION = 5.0;
				TARGETED_DEVICE_FAMILY = 1;
			};
			name = Release;
		};
		654FC5332A1568A400304A1F /* Debug */ = {
			isa = XCBuildConfiguration;
			buildSettings = {
				BUNDLE_LOADER = "$(TEST_HOST)";
				CODE_SIGN_STYLE = Automatic;
				CURRENT_PROJECT_VERSION = 1;
				DEVELOPMENT_TEAM = 7UGAA85DQ9;
				GENERATE_INFOPLIST_FILE = YES;
				IPHONEOS_DEPLOYMENT_TARGET = 16.4;
				MARKETING_VERSION = 1.0;
				PRODUCT_BUNDLE_IDENTIFIER = com.ferradesign.ImageFeedTests;
				PRODUCT_NAME = "$(TARGET_NAME)";
				SWIFT_EMIT_LOC_STRINGS = NO;
				SWIFT_VERSION = 5.0;
				TARGETED_DEVICE_FAMILY = "1,2";
				TEST_HOST = "$(BUILT_PRODUCTS_DIR)/ImageFeed.app/$(BUNDLE_EXECUTABLE_FOLDER_PATH)/ImageFeed";
			};
			name = Debug;
		};
		654FC5342A1568A400304A1F /* Release */ = {
			isa = XCBuildConfiguration;
			buildSettings = {
				BUNDLE_LOADER = "$(TEST_HOST)";
				CODE_SIGN_STYLE = Automatic;
				CURRENT_PROJECT_VERSION = 1;
				DEVELOPMENT_TEAM = 7UGAA85DQ9;
				GENERATE_INFOPLIST_FILE = YES;
				IPHONEOS_DEPLOYMENT_TARGET = 16.4;
				MARKETING_VERSION = 1.0;
				PRODUCT_BUNDLE_IDENTIFIER = com.ferradesign.ImageFeedTests;
				PRODUCT_NAME = "$(TARGET_NAME)";
				SWIFT_EMIT_LOC_STRINGS = NO;
				SWIFT_VERSION = 5.0;
				TARGETED_DEVICE_FAMILY = "1,2";
				TEST_HOST = "$(BUILT_PRODUCTS_DIR)/ImageFeed.app/$(BUNDLE_EXECUTABLE_FOLDER_PATH)/ImageFeed";
			};
			name = Release;
		};
/* End XCBuildConfiguration section */

/* Begin XCConfigurationList section */
		653E3C6D29538FFF007EC9CA /* Build configuration list for PBXProject "ImageFeed" */ = {
			isa = XCConfigurationList;
			buildConfigurations = (
				653E3C8429539000007EC9CA /* Debug */,
				653E3C8529539000007EC9CA /* Release */,
			);
			defaultConfigurationIsVisible = 0;
			defaultConfigurationName = Release;
		};
		653E3C8629539000007EC9CA /* Build configuration list for PBXNativeTarget "ImageFeed" */ = {
			isa = XCConfigurationList;
			buildConfigurations = (
				653E3C8729539000007EC9CA /* Debug */,
				653E3C8829539000007EC9CA /* Release */,
			);
			defaultConfigurationIsVisible = 0;
			defaultConfigurationName = Release;
		};
		654FC5322A1568A400304A1F /* Build configuration list for PBXNativeTarget "ImageFeedTests" */ = {
			isa = XCConfigurationList;
			buildConfigurations = (
				654FC5332A1568A400304A1F /* Debug */,
				654FC5342A1568A400304A1F /* Release */,
			);
			defaultConfigurationIsVisible = 0;
			defaultConfigurationName = Release;
		};
/* End XCConfigurationList section */

/* Begin XCRemoteSwiftPackageReference section */
		655EAC6C29BE33AB002D0A01 /* XCRemoteSwiftPackageReference "ProgressHUD" */ = {
			isa = XCRemoteSwiftPackageReference;
			repositoryURL = "https://github.com/relatedcode/ProgressHUD";
			requirement = {
				kind = upToNextMajorVersion;
				minimumVersion = 13.0.0;
			};
		};
		6576E9FB29EDE42700CCA184 /* XCRemoteSwiftPackageReference "Kingfisher" */ = {
			isa = XCRemoteSwiftPackageReference;
			repositoryURL = "https://github.com/onevcat/Kingfisher";
			requirement = {
				kind = upToNextMajorVersion;
				minimumVersion = 7.0.0;
			};
		};
		6576E9FE29EDE46800CCA184 /* XCRemoteSwiftPackageReference "SwiftKeychainWrapper" */ = {
			isa = XCRemoteSwiftPackageReference;
			repositoryURL = "https://github.com/jrendel/SwiftKeychainWrapper";
			requirement = {
				kind = upToNextMajorVersion;
				minimumVersion = 4.0.0;
			};
		};
/* End XCRemoteSwiftPackageReference section */

/* Begin XCSwiftPackageProductDependency section */
		655EAC6D29BE33AB002D0A01 /* ProgressHUD */ = {
			isa = XCSwiftPackageProductDependency;
			package = 655EAC6C29BE33AB002D0A01 /* XCRemoteSwiftPackageReference "ProgressHUD" */;
			productName = ProgressHUD;
		};
		6576E9FC29EDE42700CCA184 /* Kingfisher */ = {
			isa = XCSwiftPackageProductDependency;
			package = 6576E9FB29EDE42700CCA184 /* XCRemoteSwiftPackageReference "Kingfisher" */;
			productName = Kingfisher;
		};
		6576E9FF29EDE46800CCA184 /* SwiftKeychainWrapper */ = {
			isa = XCSwiftPackageProductDependency;
			package = 6576E9FE29EDE46800CCA184 /* XCRemoteSwiftPackageReference "SwiftKeychainWrapper" */;
			productName = SwiftKeychainWrapper;
		};
/* End XCSwiftPackageProductDependency section */
	};
	rootObject = 653E3C6A29538FFF007EC9CA /* Project object */;
}
