// !$*UTF8*$!
{
	archiveVersion = 1;
	classes = {
	};
	objectVersion = 56;
	objects = {

/* Begin PBXBuildFile section */
		653E3C7629538FFF007EC9CA /* AppDelegate.swift in Sources */ = {isa = PBXBuildFile; fileRef = 653E3C7529538FFF007EC9CA /* AppDelegate.swift */; };
		653E3C7829538FFF007EC9CA /* SceneDelegate.swift in Sources */ = {isa = PBXBuildFile; fileRef = 653E3C7729538FFF007EC9CA /* SceneDelegate.swift */; };
		653E3C7D29538FFF007EC9CA /* Main.storyboard in Resources */ = {isa = PBXBuildFile; fileRef = 653E3C7B29538FFF007EC9CA /* Main.storyboard */; };
		653E3C7F29539000007EC9CA /* Assets.xcassets in Resources */ = {isa = PBXBuildFile; fileRef = 653E3C7E29539000007EC9CA /* Assets.xcassets */; };
		653E3C8229539000007EC9CA /* LaunchScreen.storyboard in Resources */ = {isa = PBXBuildFile; fileRef = 653E3C8029539000007EC9CA /* LaunchScreen.storyboard */; };
		65599826298FF52300C4FCA8 /* Constants.swift in Sources */ = {isa = PBXBuildFile; fileRef = 65599825298FF52300C4FCA8 /* Constants.swift */; };
		65599828298FF6A000C4FCA8 /* ImageListViewController.swift in Sources */ = {isa = PBXBuildFile; fileRef = 65599827298FF6A000C4FCA8 /* ImageListViewController.swift */; };
		658C05C8298643F700AB3CB5 /* SingleImageViewController.swift in Sources */ = {isa = PBXBuildFile; fileRef = 658C05C7298643F700AB3CB5 /* SingleImageViewController.swift */; };
		65A2B01F2973F52E001042A9 /* ImagesListCell.swift in Sources */ = {isa = PBXBuildFile; fileRef = 65A2B01E2973F52E001042A9 /* ImagesListCell.swift */; };
		65A2B023297D2B21001042A9 /* ProfileViewController.swift in Sources */ = {isa = PBXBuildFile; fileRef = 65A2B022297D2B21001042A9 /* ProfileViewController.swift */; };
		65C1C37B2998E972001BCB0F /* AuthViewController.swift in Sources */ = {isa = PBXBuildFile; fileRef = 65C1C37A2998E972001BCB0F /* AuthViewController.swift */; };
		65C1C37E299904DE001BCB0F /* WebViewViewController.swift in Sources */ = {isa = PBXBuildFile; fileRef = 65C1C37D299904DE001BCB0F /* WebViewViewController.swift */; };
/* End PBXBuildFile section */

/* Begin PBXFileReference section */
		653E3C7229538FFF007EC9CA /* ImageFeed.app */ = {isa = PBXFileReference; explicitFileType = wrapper.application; includeInIndex = 0; path = ImageFeed.app; sourceTree = BUILT_PRODUCTS_DIR; };
		653E3C7529538FFF007EC9CA /* AppDelegate.swift */ = {isa = PBXFileReference; lastKnownFileType = sourcecode.swift; path = AppDelegate.swift; sourceTree = "<group>"; };
		653E3C7729538FFF007EC9CA /* SceneDelegate.swift */ = {isa = PBXFileReference; lastKnownFileType = sourcecode.swift; path = SceneDelegate.swift; sourceTree = "<group>"; };
		653E3C7C29538FFF007EC9CA /* Base */ = {isa = PBXFileReference; lastKnownFileType = file.storyboard; name = Base; path = Base.lproj/Main.storyboard; sourceTree = "<group>"; };
		653E3C7E29539000007EC9CA /* Assets.xcassets */ = {isa = PBXFileReference; lastKnownFileType = folder.assetcatalog; path = Assets.xcassets; sourceTree = "<group>"; };
		653E3C8129539000007EC9CA /* Base */ = {isa = PBXFileReference; lastKnownFileType = file.storyboard; name = Base; path = Base.lproj/LaunchScreen.storyboard; sourceTree = "<group>"; };
		653E3C8329539000007EC9CA /* Info.plist */ = {isa = PBXFileReference; lastKnownFileType = text.plist.xml; path = Info.plist; sourceTree = "<group>"; };
		65599825298FF52300C4FCA8 /* Constants.swift */ = {isa = PBXFileReference; lastKnownFileType = sourcecode.swift; path = Constants.swift; sourceTree = "<group>"; };
		65599827298FF6A000C4FCA8 /* ImageListViewController.swift */ = {isa = PBXFileReference; lastKnownFileType = sourcecode.swift; path = ImageListViewController.swift; sourceTree = "<group>"; };
		658C05C7298643F700AB3CB5 /* SingleImageViewController.swift */ = {isa = PBXFileReference; lastKnownFileType = sourcecode.swift; path = SingleImageViewController.swift; sourceTree = "<group>"; };
		65A2B01E2973F52E001042A9 /* ImagesListCell.swift */ = {isa = PBXFileReference; lastKnownFileType = sourcecode.swift; path = ImagesListCell.swift; sourceTree = "<group>"; };
		65A2B022297D2B21001042A9 /* ProfileViewController.swift */ = {isa = PBXFileReference; lastKnownFileType = sourcecode.swift; path = ProfileViewController.swift; sourceTree = "<group>"; };
		65C1C37A2998E972001BCB0F /* AuthViewController.swift */ = {isa = PBXFileReference; lastKnownFileType = sourcecode.swift; path = AuthViewController.swift; sourceTree = "<group>"; };
		65C1C37D299904DE001BCB0F /* WebViewViewController.swift */ = {isa = PBXFileReference; lastKnownFileType = sourcecode.swift; path = WebViewViewController.swift; sourceTree = "<group>"; };
/* End PBXFileReference section */

/* Begin PBXFrameworksBuildPhase section */
		653E3C6F29538FFF007EC9CA /* Frameworks */ = {
			isa = PBXFrameworksBuildPhase;
			buildActionMask = 2147483647;
			files = (
			);
			runOnlyForDeploymentPostprocessing = 0;
		};
/* End PBXFrameworksBuildPhase section */

/* Begin PBXGroup section */
		653E3C6929538FFF007EC9CA = {
			isa = PBXGroup;
			children = (
				653E3C7429538FFF007EC9CA /* ImageFeed */,
				653E3C7329538FFF007EC9CA /* Products */,
			);
			sourceTree = "<group>";
		};
		653E3C7329538FFF007EC9CA /* Products */ = {
			isa = PBXGroup;
			children = (
				653E3C7229538FFF007EC9CA /* ImageFeed.app */,
			);
			name = Products;
			sourceTree = "<group>";
		};
		653E3C7429538FFF007EC9CA /* ImageFeed */ = {
			isa = PBXGroup;
			children = (
				65C1C37C2998E98F001BCB0F /* Auth */,
				658C05C6298643CD00AB3CB5 /* SingleImage */,
				65A2B020297420D5001042A9 /* ImagesList */,
				65A2B021297D2AFF001042A9 /* Profile */,
				653E3C7529538FFF007EC9CA /* AppDelegate.swift */,
				653E3C7729538FFF007EC9CA /* SceneDelegate.swift */,
				65599825298FF52300C4FCA8 /* Constants.swift */,
				653E3C7B29538FFF007EC9CA /* Main.storyboard */,
				653E3C7E29539000007EC9CA /* Assets.xcassets */,
				653E3C8029539000007EC9CA /* LaunchScreen.storyboard */,
				653E3C8329539000007EC9CA /* Info.plist */,
			);
			path = ImageFeed;
			sourceTree = "<group>";
		};
		658C05C6298643CD00AB3CB5 /* SingleImage */ = {
			isa = PBXGroup;
			children = (
				658C05C7298643F700AB3CB5 /* SingleImageViewController.swift */,
			);
			path = SingleImage;
			sourceTree = "<group>";
		};
		65A2B020297420D5001042A9 /* ImagesList */ = {
			isa = PBXGroup;
			children = (
				65A2B01E2973F52E001042A9 /* ImagesListCell.swift */,
				65599827298FF6A000C4FCA8 /* ImageListViewController.swift */,
			);
			path = ImagesList;
			sourceTree = "<group>";
		};
		65A2B021297D2AFF001042A9 /* Profile */ = {
			isa = PBXGroup;
			children = (
				65A2B022297D2B21001042A9 /* ProfileViewController.swift */,
			);
			path = Profile;
			sourceTree = "<group>";
		};
		65C1C37C2998E98F001BCB0F /* Auth */ = {
			isa = PBXGroup;
			children = (
				65C1C37A2998E972001BCB0F /* AuthViewController.swift */,
				65C1C37D299904DE001BCB0F /* WebViewViewController.swift */,
			);
			path = Auth;
			sourceTree = "<group>";
		};
/* End PBXGroup section */

/* Begin PBXNativeTarget section */
		653E3C7129538FFF007EC9CA /* ImageFeed */ = {
			isa = PBXNativeTarget;
			buildConfigurationList = 653E3C8629539000007EC9CA /* Build configuration list for PBXNativeTarget "ImageFeed" */;
			buildPhases = (
				653E3C6E29538FFF007EC9CA /* Sources */,
				653E3C6F29538FFF007EC9CA /* Frameworks */,
				653E3C7029538FFF007EC9CA /* Resources */,
			);
			buildRules = (
			);
			dependencies = (
			);
			name = ImageFeed;
			productName = ImageFeed;
			productReference = 653E3C7229538FFF007EC9CA /* ImageFeed.app */;
			productType = "com.apple.product-type.application";
		};
/* End PBXNativeTarget section */

/* Begin PBXProject section */
		653E3C6A29538FFF007EC9CA /* Project object */ = {
			isa = PBXProject;
			attributes = {
				BuildIndependentTargetsInParallel = 1;
				LastSwiftUpdateCheck = 1420;
				LastUpgradeCheck = 1420;
				TargetAttributes = {
					653E3C7129538FFF007EC9CA = {
						CreatedOnToolsVersion = 14.2;
					};
				};
			};
			buildConfigurationList = 653E3C6D29538FFF007EC9CA /* Build configuration list for PBXProject "ImageFeed" */;
			compatibilityVersion = "Xcode 14.0";
			developmentRegion = en;
			hasScannedForEncodings = 0;
			knownRegions = (
				en,
				Base,
			);
			mainGroup = 653E3C6929538FFF007EC9CA;
			productRefGroup = 653E3C7329538FFF007EC9CA /* Products */;
			projectDirPath = "";
			projectRoot = "";
			targets = (
				653E3C7129538FFF007EC9CA /* ImageFeed */,
			);
		};
/* End PBXProject section */

/* Begin PBXResourcesBuildPhase section */
		653E3C7029538FFF007EC9CA /* Resources */ = {
			isa = PBXResourcesBuildPhase;
			buildActionMask = 2147483647;
			files = (
				653E3C8229539000007EC9CA /* LaunchScreen.storyboard in Resources */,
				653E3C7F29539000007EC9CA /* Assets.xcassets in Resources */,
				653E3C7D29538FFF007EC9CA /* Main.storyboard in Resources */,
			);
			runOnlyForDeploymentPostprocessing = 0;
		};
/* End PBXResourcesBuildPhase section */

/* Begin PBXSourcesBuildPhase section */
		653E3C6E29538FFF007EC9CA /* Sources */ = {
			isa = PBXSourcesBuildPhase;
			buildActionMask = 2147483647;
			files = (
				65A2B01F2973F52E001042A9 /* ImagesListCell.swift in Sources */,
				65A2B023297D2B21001042A9 /* ProfileViewController.swift in Sources */,
				653E3C7629538FFF007EC9CA /* AppDelegate.swift in Sources */,
				65599826298FF52300C4FCA8 /* Constants.swift in Sources */,
				65C1C37B2998E972001BCB0F /* AuthViewController.swift in Sources */,
				658C05C8298643F700AB3CB5 /* SingleImageViewController.swift in Sources */,
				65599828298FF6A000C4FCA8 /* ImageListViewController.swift in Sources */,
				65C1C37E299904DE001BCB0F /* WebViewViewController.swift in Sources */,
				653E3C7829538FFF007EC9CA /* SceneDelegate.swift in Sources */,
			);
			runOnlyForDeploymentPostprocessing = 0;
		};
/* End PBXSourcesBuildPhase section */

/* Begin PBXVariantGroup section */
		653E3C7B29538FFF007EC9CA /* Main.storyboard */ = {
			isa = PBXVariantGroup;
			children = (
				653E3C7C29538FFF007EC9CA /* Base */,
			);
			name = Main.storyboard;
			sourceTree = "<group>";
		};
		653E3C8029539000007EC9CA /* LaunchScreen.storyboard */ = {
			isa = PBXVariantGroup;
			children = (
				653E3C8129539000007EC9CA /* Base */,
			);
			name = LaunchScreen.storyboard;
			sourceTree = "<group>";
		};
/* End PBXVariantGroup section */

/* Begin XCBuildConfiguration section */
		653E3C8429539000007EC9CA /* Debug */ = {
			isa = XCBuildConfiguration;
			buildSettings = {
				ALWAYS_SEARCH_USER_PATHS = NO;
				CLANG_ANALYZER_NONNULL = YES;
				CLANG_ANALYZER_NUMBER_OBJECT_CONVERSION = YES_AGGRESSIVE;
				CLANG_CXX_LANGUAGE_STANDARD = "gnu++20";
				CLANG_ENABLE_MODULES = YES;
				CLANG_ENABLE_OBJC_ARC = YES;
				CLANG_ENABLE_OBJC_WEAK = YES;
				CLANG_WARN_BLOCK_CAPTURE_AUTORELEASING = YES;
				CLANG_WARN_BOOL_CONVERSION = YES;
				CLANG_WARN_COMMA = YES;
				CLANG_WARN_CONSTANT_CONVERSION = YES;
				CLANG_WARN_DEPRECATED_OBJC_IMPLEMENTATIONS = YES;
				CLANG_WARN_DIRECT_OBJC_ISA_USAGE = YES_ERROR;
				CLANG_WARN_DOCUMENTATION_COMMENTS = YES;
				CLANG_WARN_EMPTY_BODY = YES;
				CLANG_WARN_ENUM_CONVERSION = YES;
				CLANG_WARN_INFINITE_RECURSION = YES;
				CLANG_WARN_INT_CONVERSION = YES;
				CLANG_WARN_NON_LITERAL_NULL_CONVERSION = YES;
				CLANG_WARN_OBJC_IMPLICIT_RETAIN_SELF = YES;
				CLANG_WARN_OBJC_LITERAL_CONVERSION = YES;
				CLANG_WARN_OBJC_ROOT_CLASS = YES_ERROR;
				CLANG_WARN_QUOTED_INCLUDE_IN_FRAMEWORK_HEADER = YES;
				CLANG_WARN_RANGE_LOOP_ANALYSIS = YES;
				CLANG_WARN_STRICT_PROTOTYPES = YES;
				CLANG_WARN_SUSPICIOUS_MOVE = YES;
				CLANG_WARN_UNGUARDED_AVAILABILITY = YES_AGGRESSIVE;
				CLANG_WARN_UNREACHABLE_CODE = YES;
				CLANG_WARN__DUPLICATE_METHOD_MATCH = YES;
				COPY_PHASE_STRIP = NO;
				DEBUG_INFORMATION_FORMAT = dwarf;
				ENABLE_STRICT_OBJC_MSGSEND = YES;
				ENABLE_TESTABILITY = YES;
				GCC_C_LANGUAGE_STANDARD = gnu11;
				GCC_DYNAMIC_NO_PIC = NO;
				GCC_NO_COMMON_BLOCKS = YES;
				GCC_OPTIMIZATION_LEVEL = 0;
				GCC_PREPROCESSOR_DEFINITIONS = (
					"DEBUG=1",
					"$(inherited)",
				);
				GCC_WARN_64_TO_32_BIT_CONVERSION = YES;
				GCC_WARN_ABOUT_RETURN_TYPE = YES_ERROR;
				GCC_WARN_UNDECLARED_SELECTOR = YES;
				GCC_WARN_UNINITIALIZED_AUTOS = YES_AGGRESSIVE;
				GCC_WARN_UNUSED_FUNCTION = YES;
				GCC_WARN_UNUSED_VARIABLE = YES;
				IPHONEOS_DEPLOYMENT_TARGET = 15.5;
				MTL_ENABLE_DEBUG_INFO = INCLUDE_SOURCE;
				MTL_FAST_MATH = YES;
				ONLY_ACTIVE_ARCH = YES;
				SDKROOT = iphoneos;
				SWIFT_ACTIVE_COMPILATION_CONDITIONS = DEBUG;
				SWIFT_OPTIMIZATION_LEVEL = "-Onone";
			};
			name = Debug;
		};
		653E3C8529539000007EC9CA /* Release */ = {
			isa = XCBuildConfiguration;
			buildSettings = {
				ALWAYS_SEARCH_USER_PATHS = NO;
				CLANG_ANALYZER_NONNULL = YES;
				CLANG_ANALYZER_NUMBER_OBJECT_CONVERSION = YES_AGGRESSIVE;
				CLANG_CXX_LANGUAGE_STANDARD = "gnu++20";
				CLANG_ENABLE_MODULES = YES;
				CLANG_ENABLE_OBJC_ARC = YES;
				CLANG_ENABLE_OBJC_WEAK = YES;
				CLANG_WARN_BLOCK_CAPTURE_AUTORELEASING = YES;
				CLANG_WARN_BOOL_CONVERSION = YES;
				CLANG_WARN_COMMA = YES;
				CLANG_WARN_CONSTANT_CONVERSION = YES;
				CLANG_WARN_DEPRECATED_OBJC_IMPLEMENTATIONS = YES;
				CLANG_WARN_DIRECT_OBJC_ISA_USAGE = YES_ERROR;
				CLANG_WARN_DOCUMENTATION_COMMENTS = YES;
				CLANG_WARN_EMPTY_BODY = YES;
				CLANG_WARN_ENUM_CONVERSION = YES;
				CLANG_WARN_INFINITE_RECURSION = YES;
				CLANG_WARN_INT_CONVERSION = YES;
				CLANG_WARN_NON_LITERAL_NULL_CONVERSION = YES;
				CLANG_WARN_OBJC_IMPLICIT_RETAIN_SELF = YES;
				CLANG_WARN_OBJC_LITERAL_CONVERSION = YES;
				CLANG_WARN_OBJC_ROOT_CLASS = YES_ERROR;
				CLANG_WARN_QUOTED_INCLUDE_IN_FRAMEWORK_HEADER = YES;
				CLANG_WARN_RANGE_LOOP_ANALYSIS = YES;
				CLANG_WARN_STRICT_PROTOTYPES = YES;
				CLANG_WARN_SUSPICIOUS_MOVE = YES;
				CLANG_WARN_UNGUARDED_AVAILABILITY = YES_AGGRESSIVE;
				CLANG_WARN_UNREACHABLE_CODE = YES;
				CLANG_WARN__DUPLICATE_METHOD_MATCH = YES;
				COPY_PHASE_STRIP = NO;
				DEBUG_INFORMATION_FORMAT = "dwarf-with-dsym";
				ENABLE_NS_ASSERTIONS = NO;
				ENABLE_STRICT_OBJC_MSGSEND = YES;
				GCC_C_LANGUAGE_STANDARD = gnu11;
				GCC_NO_COMMON_BLOCKS = YES;
				GCC_WARN_64_TO_32_BIT_CONVERSION = YES;
				GCC_WARN_ABOUT_RETURN_TYPE = YES_ERROR;
				GCC_WARN_UNDECLARED_SELECTOR = YES;
				GCC_WARN_UNINITIALIZED_AUTOS = YES_AGGRESSIVE;
				GCC_WARN_UNUSED_FUNCTION = YES;
				GCC_WARN_UNUSED_VARIABLE = YES;
				IPHONEOS_DEPLOYMENT_TARGET = 15.5;
				MTL_ENABLE_DEBUG_INFO = NO;
				MTL_FAST_MATH = YES;
				SDKROOT = iphoneos;
				SWIFT_COMPILATION_MODE = wholemodule;
				SWIFT_OPTIMIZATION_LEVEL = "-O";
				VALIDATE_PRODUCT = YES;
			};
			name = Release;
		};
		653E3C8729539000007EC9CA /* Debug */ = {
			isa = XCBuildConfiguration;
			buildSettings = {
				ASSETCATALOG_COMPILER_APPICON_NAME = AppIcon;
				ASSETCATALOG_COMPILER_GLOBAL_ACCENT_COLOR_NAME = AccentColor;
				CODE_SIGN_STYLE = Automatic;
				CURRENT_PROJECT_VERSION = 1;
				DEVELOPMENT_TEAM = 7UGAA85DQ9;
				GENERATE_INFOPLIST_FILE = YES;
				INFOPLIST_FILE = ImageFeed/Info.plist;
				INFOPLIST_KEY_CFBundleDisplayName = ImageFeed;
				INFOPLIST_KEY_LSApplicationCategoryType = "public.app-category.entertainment";
				INFOPLIST_KEY_UIApplicationSupportsIndirectInputEvents = YES;
				INFOPLIST_KEY_UILaunchStoryboardName = LaunchScreen.storyboard;
				INFOPLIST_KEY_UIMainStoryboardFile = Main;
				INFOPLIST_KEY_UISupportedInterfaceOrientations = UIInterfaceOrientationPortrait;
				INFOPLIST_KEY_UISupportedInterfaceOrientations_iPad = "UIInterfaceOrientationLandscapeLeft UIInterfaceOrientationLandscapeRight UIInterfaceOrientationPortrait";
				IPHONEOS_DEPLOYMENT_TARGET = 13.0;
				LD_RUNPATH_SEARCH_PATHS = (
					"$(inherited)",
					"@executable_path/Frameworks",
				);
				MARKETING_VERSION = 1.0;
				PRODUCT_BUNDLE_IDENTIFIER = com.ferradesign.ImageFeed;
				PRODUCT_NAME = "$(TARGET_NAME)";
				SWIFT_EMIT_LOC_STRINGS = YES;
				SWIFT_VERSION = 5.0;
				TARGETED_DEVICE_FAMILY = "1,2";
			};
			name = Debug;
		};
		653E3C8829539000007EC9CA /* Release */ = {
			isa = XCBuildConfiguration;
			buildSettings = {
				ASSETCATALOG_COMPILER_APPICON_NAME = AppIcon;
				ASSETCATALOG_COMPILER_GLOBAL_ACCENT_COLOR_NAME = AccentColor;
				CODE_SIGN_STYLE = Automatic;
				CURRENT_PROJECT_VERSION = 1;
				DEVELOPMENT_TEAM = 7UGAA85DQ9;
				GENERATE_INFOPLIST_FILE = YES;
				INFOPLIST_FILE = ImageFeed/Info.plist;
				INFOPLIST_KEY_CFBundleDisplayName = ImageFeed;
				INFOPLIST_KEY_LSApplicationCategoryType = "public.app-category.entertainment";
				INFOPLIST_KEY_UIApplicationSupportsIndirectInputEvents = YES;
				INFOPLIST_KEY_UILaunchStoryboardName = LaunchScreen.storyboard;
				INFOPLIST_KEY_UIMainStoryboardFile = Main;
				INFOPLIST_KEY_UISupportedInterfaceOrientations = UIInterfaceOrientationPortrait;
				INFOPLIST_KEY_UISupportedInterfaceOrientations_iPad = "UIInterfaceOrientationLandscapeLeft UIInterfaceOrientationLandscapeRight UIInterfaceOrientationPortrait";
				IPHONEOS_DEPLOYMENT_TARGET = 13.0;
				LD_RUNPATH_SEARCH_PATHS = (
					"$(inherited)",
					"@executable_path/Frameworks",
				);
				MARKETING_VERSION = 1.0;
				PRODUCT_BUNDLE_IDENTIFIER = com.ferradesign.ImageFeed;
				PRODUCT_NAME = "$(TARGET_NAME)";
				SWIFT_EMIT_LOC_STRINGS = YES;
				SWIFT_VERSION = 5.0;
				TARGETED_DEVICE_FAMILY = "1,2";
			};
			name = Release;
		};
/* End XCBuildConfiguration section */

/* Begin XCConfigurationList section */
		653E3C6D29538FFF007EC9CA /* Build configuration list for PBXProject "ImageFeed" */ = {
			isa = XCConfigurationList;
			buildConfigurations = (
				653E3C8429539000007EC9CA /* Debug */,
				653E3C8529539000007EC9CA /* Release */,
			);
			defaultConfigurationIsVisible = 0;
			defaultConfigurationName = Release;
		};
		653E3C8629539000007EC9CA /* Build configuration list for PBXNativeTarget "ImageFeed" */ = {
			isa = XCConfigurationList;
			buildConfigurations = (
				653E3C8729539000007EC9CA /* Debug */,
				653E3C8829539000007EC9CA /* Release */,
			);
			defaultConfigurationIsVisible = 0;
			defaultConfigurationName = Release;
		};
/* End XCConfigurationList section */
	};
	rootObject = 653E3C6A29538FFF007EC9CA /* Project object */;
}
